
Microsoft Visual Studio Solution File, Format Version 12.00
# Visual Studio Version 17
VisualStudioVersion = 17.12.35527.113 d17.12
MinimumVisualStudioVersion = 10.0.40219.1
Project("{FAE04EC0-301F-11D3-BF4B-00C04F79EFBC}") = "BEESHOP.MAIN.API", "BEESHOP.MAIN.API\BEESHOP.MAIN.API.csproj", "{C8C1282A-4EA7-4DEF-A08B-DE5113F1AA31}"
EndProject
Project("{FAE04EC0-301F-11D3-BF4B-00C04F79EFBC}") = "BEESHOP.MAIN.DOMAIN", "BEESHOP.MAIN.DOMAIN\BEESHOP.MAIN.DOMAIN.csproj", "{EBB57E1F-3194-41A4-98B2-CE21FF5A12AD}"
EndProject
Project("{FAE04EC0-301F-11D3-BF4B-00C04F79EFBC}") = "BEESHOP.MAIN.APPLICATION", "BEESHOP.MAIN.APPLICATION\BEESHOP.MAIN.APPLICATION.csproj", "{E6CE91C9-BCB8-40F5-A130-46C32923EE16}"
EndProject
Project("{FAE04EC0-301F-11D3-BF4B-00C04F79EFBC}") = "BEESHOP.MAIN.PERSISTENCE", "BEESHOP.MAIN.PERSISTENCE\BEESHOP.MAIN.PERSISTENCE.csproj", "{CF303621-D851-49F7-A3D1-E05E484FFAF0}"
EndProject
Project("{FAE04EC0-301F-11D3-BF4B-00C04F79EFBC}") = "BEESHOP.MAIN.TESTS", "BEESHOP.MAIN.TESTS\BEESHOP.MAIN.TESTS.csproj", "{E5EDFAF5-BE1C-4B0C-BEF5-63D1382F1519}"
EndProject
Global
	GlobalSection(SolutionConfigurationPlatforms) = preSolution
		Debug|Any CPU = Debug|Any CPU
		Release|Any CPU = Release|Any CPU
	EndGlobalSection
	GlobalSection(ProjectConfigurationPlatforms) = postSolution
		{C8C1282A-4EA7-4DEF-A08B-DE5113F1AA31}.Debug|Any CPU.ActiveCfg = Debug|Any CPU
		{C8C1282A-4EA7-4DEF-A08B-DE5113F1AA31}.Debug|Any CPU.Build.0 = Debug|Any CPU
		{C8C1282A-4EA7-4DEF-A08B-DE5113F1AA31}.Release|Any CPU.ActiveCfg = Release|Any CPU
		{C8C1282A-4EA7-4DEF-A08B-DE5113F1AA31}.Release|Any CPU.Build.0 = Release|Any CPU
		{EBB57E1F-3194-41A4-98B2-CE21FF5A12AD}.Debug|Any CPU.ActiveCfg = Debug|Any CPU
		{EBB57E1F-3194-41A4-98B2-CE21FF5A12AD}.Debug|Any CPU.Build.0 = Debug|Any CPU
		{EBB57E1F-3194-41A4-98B2-CE21FF5A12AD}.Release|Any CPU.ActiveCfg = Release|Any CPU
		{EBB57E1F-3194-41A4-98B2-CE21FF5A12AD}.Release|Any CPU.Build.0 = Release|Any CPU
		{E6CE91C9-BCB8-40F5-A130-46C32923EE16}.Debug|Any CPU.ActiveCfg = Debug|Any CPU
		{E6CE91C9-BCB8-40F5-A130-46C32923EE16}.Debug|Any CPU.Build.0 = Debug|Any CPU
		{E6CE91C9-BCB8-40F5-A130-46C32923EE16}.Release|Any CPU.ActiveCfg = Release|Any CPU
		{E6CE91C9-BCB8-40F5-A130-46C32923EE16}.Release|Any CPU.Build.0 = Release|Any CPU
		{CF303621-D851-49F7-A3D1-E05E484FFAF0}.Debug|Any CPU.ActiveCfg = Debug|Any CPU
		{CF303621-D851-49F7-A3D1-E05E484FFAF0}.Debug|Any CPU.Build.0 = Debug|Any CPU
		{CF303621-D851-49F7-A3D1-E05E484FFAF0}.Release|Any CPU.ActiveCfg = Release|Any CPU
		{CF303621-D851-49F7-A3D1-E05E484FFAF0}.Release|Any CPU.Build.0 = Release|Any CPU
		{E5EDFAF5-BE1C-4B0C-BEF5-63D1382F1519}.Debug|Any CPU.ActiveCfg = Debug|Any CPU
		{E5EDFAF5-BE1C-4B0C-BEF5-63D1382F1519}.Debug|Any CPU.Build.0 = Debug|Any CPU
		{E5EDFAF5-BE1C-4B0C-BEF5-63D1382F1519}.Release|Any CPU.ActiveCfg = Release|Any CPU
		{E5EDFAF5-BE1C-4B0C-BEF5-63D1382F1519}.Release|Any CPU.Build.0 = Release|Any CPU
	EndGlobalSection
	GlobalSection(SolutionProperties) = preSolution
		HideSolutionNode = FALSE
	EndGlobalSection
EndGlobal
